
Microsoft Visual Studio Solution File, Format Version 12.00
# Visual Studio Version 17
VisualStudioVersion = 17.3.32825.248
MinimumVisualStudioVersion = 10.0.40219.1
Project("{FAE04EC0-301F-11D3-BF4B-00C04F79EFBC}") = "Capitulo5", "Capitulo5\Capitulo5.csproj", "{2475A069-603B-43D1-87EF-5A47B8964B97}"
EndProject
Global
	GlobalSection(SolutionConfigurationPlatforms) = preSolution
		Debug|Any CPU = Debug|Any CPU
		Release|Any CPU = Release|Any CPU
	EndGlobalSection
	GlobalSection(ProjectConfigurationPlatforms) = postSolution
		{2475A069-603B-43D1-87EF-5A47B8964B97}.Debug|Any CPU.ActiveCfg = Debug|Any CPU
		{2475A069-603B-43D1-87EF-5A47B8964B97}.Debug|Any CPU.Build.0 = Debug|Any CPU
		{2475A069-603B-43D1-87EF-5A47B8964B97}.Release|Any CPU.ActiveCfg = Release|Any CPU
		{2475A069-603B-43D1-87EF-5A47B8964B97}.Release|Any CPU.Build.0 = Release|Any CPU
	EndGlobalSection
	GlobalSection(SolutionProperties) = preSolution
		HideSolutionNode = FALSE
	EndGlobalSection
	GlobalSection(ExtensibilityGlobals) = postSolution
		SolutionGuid = {B72C0888-746F-4DFA-A70A-55D5F4BFCB37}
	EndGlobalSection
EndGlobal
